
Microsoft Visual Studio Solution File, Format Version 12.00
# Visual Studio Version 17
VisualStudioVersion = 17.4.33103.184
MinimumVisualStudioVersion = 10.0.40219.1
Project("{9A19103F-16F7-4668-BE54-9A1E7A4F7556}") = "AppShell", "AppShell\AppShell.csproj", "{61D82A60-09DA-490C-BDC5-FCC1F4DF7280}"
EndProject
Project("{FAE04EC0-301F-11D3-BF4B-00C04F79EFBC}") = "Ovotan.Controls.Docking", "Ovotan.Controls.Docking\Ovotan.Controls.Docking.csproj", "{8E69C001-BFA9-48DD-B20F-FA12B4AB6805}"
EndProject
Global
	GlobalSection(SolutionConfigurationPlatforms) = preSolution
		Debug|Any CPU = Debug|Any CPU
		Release|Any CPU = Release|Any CPU
	EndGlobalSection
	GlobalSection(ProjectConfigurationPlatforms) = postSolution
		{61D82A60-09DA-490C-BDC5-FCC1F4DF7280}.Debug|Any CPU.ActiveCfg = Debug|Any CPU
		{61D82A60-09DA-490C-BDC5-FCC1F4DF7280}.Debug|Any CPU.Build.0 = Debug|Any CPU
		{61D82A60-09DA-490C-BDC5-FCC1F4DF7280}.Release|Any CPU.ActiveCfg = Release|Any CPU
		{61D82A60-09DA-490C-BDC5-FCC1F4DF7280}.Release|Any CPU.Build.0 = Release|Any CPU
		{8E69C001-BFA9-48DD-B20F-FA12B4AB6805}.Debug|Any CPU.ActiveCfg = Debug|Any CPU
		{8E69C001-BFA9-48DD-B20F-FA12B4AB6805}.Debug|Any CPU.Build.0 = Debug|Any CPU
		{8E69C001-BFA9-48DD-B20F-FA12B4AB6805}.Release|Any CPU.ActiveCfg = Release|Any CPU
		{8E69C001-BFA9-48DD-B20F-FA12B4AB6805}.Release|Any CPU.Build.0 = Release|Any CPU
	EndGlobalSection
	GlobalSection(SolutionProperties) = preSolution
		HideSolutionNode = FALSE
	EndGlobalSection
	GlobalSection(ExtensibilityGlobals) = postSolution
		SolutionGuid = {887B72EA-D581-4DEB-8F89-DA82E4B8BC13}
	EndGlobalSection
EndGlobal
