
Microsoft Visual Studio Solution File, Format Version 12.00
# Visual Studio Version 17
VisualStudioVersion = 17.4.33103.184
MinimumVisualStudioVersion = 10.0.40219.1
Project("{9A19103F-16F7-4668-BE54-9A1E7A4F7556}") = "AppShell", "AppShell\AppShell.csproj", "{61D82A60-09DA-490C-BDC5-FCC1F4DF7280}"
EndProject
Project("{2150E333-8FDC-42A3-9474-1A3956D46DE8}") = "Shells", "Shells", "{8F938530-9030-4BF4-9C48-F7648F4BF4A2}"
EndProject
Project("{2150E333-8FDC-42A3-9474-1A3956D46DE8}") = "Ovotan.Shell.RabbitMQ", "Ovotan.Shell.RabbitMQ", "{EA1D9DA6-139F-4C45-B63F-BF571DB5263C}"
EndProject
Project("{9A19103F-16F7-4668-BE54-9A1E7A4F7556}") = "Ovotan.Shell.RabbitMQ", "Shells\Ovotan.Shell.RabbitMQ\Ovotan.Shell.RabbitMQ.csproj", "{09091304-131D-4F83-9622-1BE768405EDB}"
EndProject
Project("{9A19103F-16F7-4668-BE54-9A1E7A4F7556}") = "Ovotan.Shell.RabbitMQ.Controls", "Shells\Ovotan.Shell.RabbitMQ.Controls\Ovotan.Shell.RabbitMQ.Controls.csproj", "{B53824D3-0E1F-49FD-9DA9-02DF20CCB091}"
EndProject
Project("{9A19103F-16F7-4668-BE54-9A1E7A4F7556}") = "Ovotan.Windows.Controls", "Ovotan.Windows.Controls\Ovotan.Windows.Controls.csproj", "{00155A77-063E-42E1-959B-97DBF8E06FAA}"
EndProject
Project("{9A19103F-16F7-4668-BE54-9A1E7A4F7556}") = "Ovotan.Windows.Controls.EndPointManagement", "Ovotan.Windows.Controls.EndPointManagement\Ovotan.Windows.Controls.EndPointManagement.csproj", "{7B6DEB37-7288-45FC-856D-B58A7544686A}"
EndProject
Project("{FAE04EC0-301F-11D3-BF4B-00C04F79EFBC}") = "Ovotan.Windows.Controls.Docking", "Ovotan.Windows.Controls.Docking\Ovotan.Windows.Controls.Docking.csproj", "{0F257F4B-897B-4F4F-B4B8-CD98DF774219}"
EndProject
Global
	GlobalSection(SolutionConfigurationPlatforms) = preSolution
		Debug|Any CPU = Debug|Any CPU
		Release|Any CPU = Release|Any CPU
	EndGlobalSection
	GlobalSection(ProjectConfigurationPlatforms) = postSolution
		{61D82A60-09DA-490C-BDC5-FCC1F4DF7280}.Debug|Any CPU.ActiveCfg = Debug|Any CPU
		{61D82A60-09DA-490C-BDC5-FCC1F4DF7280}.Debug|Any CPU.Build.0 = Debug|Any CPU
		{61D82A60-09DA-490C-BDC5-FCC1F4DF7280}.Release|Any CPU.ActiveCfg = Release|Any CPU
		{61D82A60-09DA-490C-BDC5-FCC1F4DF7280}.Release|Any CPU.Build.0 = Release|Any CPU
		{09091304-131D-4F83-9622-1BE768405EDB}.Debug|Any CPU.ActiveCfg = Debug|Any CPU
		{09091304-131D-4F83-9622-1BE768405EDB}.Debug|Any CPU.Build.0 = Debug|Any CPU
		{09091304-131D-4F83-9622-1BE768405EDB}.Release|Any CPU.ActiveCfg = Release|Any CPU
		{09091304-131D-4F83-9622-1BE768405EDB}.Release|Any CPU.Build.0 = Release|Any CPU
		{B53824D3-0E1F-49FD-9DA9-02DF20CCB091}.Debug|Any CPU.ActiveCfg = Debug|Any CPU
		{B53824D3-0E1F-49FD-9DA9-02DF20CCB091}.Debug|Any CPU.Build.0 = Debug|Any CPU
		{B53824D3-0E1F-49FD-9DA9-02DF20CCB091}.Release|Any CPU.ActiveCfg = Release|Any CPU
		{B53824D3-0E1F-49FD-9DA9-02DF20CCB091}.Release|Any CPU.Build.0 = Release|Any CPU
		{00155A77-063E-42E1-959B-97DBF8E06FAA}.Debug|Any CPU.ActiveCfg = Debug|Any CPU
		{00155A77-063E-42E1-959B-97DBF8E06FAA}.Debug|Any CPU.Build.0 = Debug|Any CPU
		{00155A77-063E-42E1-959B-97DBF8E06FAA}.Release|Any CPU.ActiveCfg = Release|Any CPU
		{00155A77-063E-42E1-959B-97DBF8E06FAA}.Release|Any CPU.Build.0 = Release|Any CPU
		{7B6DEB37-7288-45FC-856D-B58A7544686A}.Debug|Any CPU.ActiveCfg = Debug|Any CPU
		{7B6DEB37-7288-45FC-856D-B58A7544686A}.Debug|Any CPU.Build.0 = Debug|Any CPU
		{7B6DEB37-7288-45FC-856D-B58A7544686A}.Release|Any CPU.ActiveCfg = Release|Any CPU
		{7B6DEB37-7288-45FC-856D-B58A7544686A}.Release|Any CPU.Build.0 = Release|Any CPU
		{0F257F4B-897B-4F4F-B4B8-CD98DF774219}.Debug|Any CPU.ActiveCfg = Debug|Any CPU
		{0F257F4B-897B-4F4F-B4B8-CD98DF774219}.Debug|Any CPU.Build.0 = Debug|Any CPU
		{0F257F4B-897B-4F4F-B4B8-CD98DF774219}.Release|Any CPU.ActiveCfg = Release|Any CPU
		{0F257F4B-897B-4F4F-B4B8-CD98DF774219}.Release|Any CPU.Build.0 = Release|Any CPU
	EndGlobalSection
	GlobalSection(SolutionProperties) = preSolution
		HideSolutionNode = FALSE
	EndGlobalSection
	GlobalSection(NestedProjects) = preSolution
		{EA1D9DA6-139F-4C45-B63F-BF571DB5263C} = {8F938530-9030-4BF4-9C48-F7648F4BF4A2}
		{09091304-131D-4F83-9622-1BE768405EDB} = {EA1D9DA6-139F-4C45-B63F-BF571DB5263C}
		{B53824D3-0E1F-49FD-9DA9-02DF20CCB091} = {EA1D9DA6-139F-4C45-B63F-BF571DB5263C}
	EndGlobalSection
	GlobalSection(ExtensibilityGlobals) = postSolution
		SolutionGuid = {887B72EA-D581-4DEB-8F89-DA82E4B8BC13}
	EndGlobalSection
EndGlobal
